
Microsoft Visual Studio Solution File, Format Version 12.00
# Visual Studio Version 16
VisualStudioVersion = 16.0.31402.337
MinimumVisualStudioVersion = 10.0.40219.1
Project("{FAE04EC0-301F-11D3-BF4B-00C04F79EFBC}") = "loger_app", "loger_app\loger_app.csproj", "{5C8400C9-C4DB-494D-98AB-310C3BB74369}"
EndProject
Global
	GlobalSection(SolutionConfigurationPlatforms) = preSolution
		Debug|Any CPU = Debug|Any CPU
		Release|Any CPU = Release|Any CPU
	EndGlobalSection
	GlobalSection(ProjectConfigurationPlatforms) = postSolution
		{5C8400C9-C4DB-494D-98AB-310C3BB74369}.Debug|Any CPU.ActiveCfg = Debug|Any CPU
		{5C8400C9-C4DB-494D-98AB-310C3BB74369}.Debug|Any CPU.Build.0 = Debug|Any CPU
		{5C8400C9-C4DB-494D-98AB-310C3BB74369}.Release|Any CPU.ActiveCfg = Release|Any CPU
		{5C8400C9-C4DB-494D-98AB-310C3BB74369}.Release|Any CPU.Build.0 = Release|Any CPU
	EndGlobalSection
	GlobalSection(SolutionProperties) = preSolution
		HideSolutionNode = FALSE
	EndGlobalSection
	GlobalSection(ExtensibilityGlobals) = postSolution
		SolutionGuid = {7E9681F2-9227-4138-88C4-4BED8F24D2CE}
	EndGlobalSection
EndGlobal
